// !$*UTF8*$!
{
	archiveVersion = 1;
	classes = {
	};
	objectVersion = 48;
	objects = {

/* Begin PBXBuildFile section */
		482B2ADB200CF551009B04C0 /* LoginViewController.swift in Sources */ = {isa = PBXBuildFile; fileRef = 482B2ADA200CF551009B04C0 /* LoginViewController.swift */; };
		482B2ADD200CF55A009B04C0 /* LoginViewController.xib in Resources */ = {isa = PBXBuildFile; fileRef = 482B2ADC200CF55A009B04C0 /* LoginViewController.xib */; };
		482B2ADF200CF884009B04C0 /* LoginOperation.swift in Sources */ = {isa = PBXBuildFile; fileRef = 482B2ADE200CF884009B04C0 /* LoginOperation.swift */; };
		482B2AE6200CFEDC009B04C0 /* UserManager.swift in Sources */ = {isa = PBXBuildFile; fileRef = 482B2AE4200CFEDB009B04C0 /* UserManager.swift */; };
		482B2AE9200CFFC4009B04C0 /* NotificationCenter.swift in Sources */ = {isa = PBXBuildFile; fileRef = 482B2AE8200CFFC4009B04C0 /* NotificationCenter.swift */; };
		482B2AEB200D0449009B04C0 /* BalbabeCreateOperation.swift in Sources */ = {isa = PBXBuildFile; fileRef = 482B2AEA200D0449009B04C0 /* BalbabeCreateOperation.swift */; };
		482B2AED200D04EB009B04C0 /* BalbabeMetadata.swift in Sources */ = {isa = PBXBuildFile; fileRef = 482B2AEC200D04EA009B04C0 /* BalbabeMetadata.swift */; };
		482B2AEF200D0603009B04C0 /* OperationBuilderError.swift in Sources */ = {isa = PBXBuildFile; fileRef = 482B2AEE200D0603009B04C0 /* OperationBuilderError.swift */; };
		482B2AF1200D0914009B04C0 /* SignUpViewController.swift in Sources */ = {isa = PBXBuildFile; fileRef = 482B2AF0200D0914009B04C0 /* SignUpViewController.swift */; };
		482B2AF3200D091C009B04C0 /* SignUpViewController.xib in Resources */ = {isa = PBXBuildFile; fileRef = 482B2AF2200D091C009B04C0 /* SignUpViewController.xib */; };
		482B2AF5200D322F009B04C0 /* HomeViewControllerConfiguration.swift in Sources */ = {isa = PBXBuildFile; fileRef = 482B2AF4200D322F009B04C0 /* HomeViewControllerConfiguration.swift */; };
		482B2AF7200D4558009B04C0 /* TripDeleteOperation.swift in Sources */ = {isa = PBXBuildFile; fileRef = 482B2AF6200D4558009B04C0 /* TripDeleteOperation.swift */; };
		482B2AF9200DF51C009B04C0 /* AccountEditor.swift in Sources */ = {isa = PBXBuildFile; fileRef = 482B2AF8200DF51C009B04C0 /* AccountEditor.swift */; };
		482B2AFB200DFEA0009B04C0 /* BalbabeEditOperation.swift in Sources */ = {isa = PBXBuildFile; fileRef = 482B2AFA200DFEA0009B04C0 /* BalbabeEditOperation.swift */; };
		482B2AFD200E07A3009B04C0 /* TextFieldPromptViewController.swift in Sources */ = {isa = PBXBuildFile; fileRef = 482B2AFC200E07A3009B04C0 /* TextFieldPromptViewController.swift */; };
		482B2AFF200E07B1009B04C0 /* TextFieldPromptViewController.xib in Resources */ = {isa = PBXBuildFile; fileRef = 482B2AFE200E07B1009B04C0 /* TextFieldPromptViewController.xib */; };
		482B2B01200E2017009B04C0 /* DatabaseConversionError.swift in Sources */ = {isa = PBXBuildFile; fileRef = 482B2B00200E2017009B04C0 /* DatabaseConversionError.swift */; };
		483B990D1FEE9717009DF029 /* TripsDataConfiguration.swift in Sources */ = {isa = PBXBuildFile; fileRef = 483B990C1FEE9717009DF029 /* TripsDataConfiguration.swift */; };
		483B990F1FEEA017009DF029 /* LoadingViewController.swift in Sources */ = {isa = PBXBuildFile; fileRef = 483B990E1FEEA017009DF029 /* LoadingViewController.swift */; };
		483B99111FEEA032009DF029 /* LoadingViewController.xib in Resources */ = {isa = PBXBuildFile; fileRef = 483B99101FEEA032009DF029 /* LoadingViewController.xib */; };
		483B99131FEF7828009DF029 /* BalbabeTripListTableViewController.xib in Resources */ = {isa = PBXBuildFile; fileRef = 483B99121FEF7828009DF029 /* BalbabeTripListTableViewController.xib */; };
		483B99151FEF7853009DF029 /* BalbabeTripListTableViewDataSource.swift in Sources */ = {isa = PBXBuildFile; fileRef = 483B99141FEF7853009DF029 /* BalbabeTripListTableViewDataSource.swift */; };
		483B99171FEF7934009DF029 /* OwnTripTableViewCell.swift in Sources */ = {isa = PBXBuildFile; fileRef = 483B99161FEF7934009DF029 /* OwnTripTableViewCell.swift */; };
		483B99191FEF793D009DF029 /* OwnTripTableViewCell.xib in Resources */ = {isa = PBXBuildFile; fileRef = 483B99181FEF793D009DF029 /* OwnTripTableViewCell.xib */; };
		483B991D1FEF8578009DF029 /* TripAnnotation.swift in Sources */ = {isa = PBXBuildFile; fileRef = 483B991C1FEF8578009DF029 /* TripAnnotation.swift */; };
		483B99211FEF90A3009DF029 /* UIView.swift in Sources */ = {isa = PBXBuildFile; fileRef = 483B99201FEF90A2009DF029 /* UIView.swift */; };
		483B99231FEFA44B009DF029 /* UIImage.swift in Sources */ = {isa = PBXBuildFile; fileRef = 483B99221FEFA44B009DF029 /* UIImage.swift */; };
		483B99251FF003B8009DF029 /* Address.swift in Sources */ = {isa = PBXBuildFile; fileRef = 483B99241FF003B8009DF029 /* Address.swift */; };
		483BA6451FF558CD005C9F76 /* LocationSearchTableViewController.swift in Sources */ = {isa = PBXBuildFile; fileRef = 483BA6441FF558CD005C9F76 /* LocationSearchTableViewController.swift */; };
		483BA64C1FF55A0A005C9F76 /* LocationSearchTableViewControllerDelegate.swift in Sources */ = {isa = PBXBuildFile; fileRef = 483BA64B1FF55A0A005C9F76 /* LocationSearchTableViewControllerDelegate.swift */; };
		483BA64E1FF55B8C005C9F76 /* LocationSearchTableViewController.xib in Resources */ = {isa = PBXBuildFile; fileRef = 483BA64D1FF55B8C005C9F76 /* LocationSearchTableViewController.xib */; };
		483BA6501FF55BEB005C9F76 /* LoadingView.swift in Sources */ = {isa = PBXBuildFile; fileRef = 483BA64F1FF55BEB005C9F76 /* LoadingView.swift */; };
		483BA6521FF58FCF005C9F76 /* UIViewController.swift in Sources */ = {isa = PBXBuildFile; fileRef = 483BA6511FF58FCF005C9F76 /* UIViewController.swift */; };
		483E304D1FEAAB58006D4512 /* AppDelegate.swift in Sources */ = {isa = PBXBuildFile; fileRef = 483E304C1FEAAB58006D4512 /* AppDelegate.swift */; };
		483E30541FEAAB58006D4512 /* Assets.xcassets in Resources */ = {isa = PBXBuildFile; fileRef = 483E30531FEAAB58006D4512 /* Assets.xcassets */; };
		483E30571FEAAB58006D4512 /* LaunchScreen.storyboard in Resources */ = {isa = PBXBuildFile; fileRef = 483E30551FEAAB58006D4512 /* LaunchScreen.storyboard */; };
		483E30751FEAABC4006D4512 /* TripMapViewController.swift in Sources */ = {isa = PBXBuildFile; fileRef = 483E30611FEAABC4006D4512 /* TripMapViewController.swift */; };
		483E30761FEAABC4006D4512 /* TripMapViewController.xib in Resources */ = {isa = PBXBuildFile; fileRef = 483E30621FEAABC4006D4512 /* TripMapViewController.xib */; };
		483E30791FEAABC4006D4512 /* HomeViewController.swift in Sources */ = {isa = PBXBuildFile; fileRef = 483E30651FEAABC4006D4512 /* HomeViewController.swift */; };
		483E307A1FEAABC4006D4512 /* HomeViewController.xib in Resources */ = {isa = PBXBuildFile; fileRef = 483E30661FEAABC4006D4512 /* HomeViewController.xib */; };
		483E307B1FEAABC4006D4512 /* ProfileViewController.swift in Sources */ = {isa = PBXBuildFile; fileRef = 483E30671FEAABC4006D4512 /* ProfileViewController.swift */; };
		483E307C1FEAABC4006D4512 /* ProfileViewController.xib in Resources */ = {isa = PBXBuildFile; fileRef = 483E30681FEAABC4006D4512 /* ProfileViewController.xib */; };
		483E307D1FEAABC4006D4512 /* TripEditorViewController.swift in Sources */ = {isa = PBXBuildFile; fileRef = 483E30691FEAABC4006D4512 /* TripEditorViewController.swift */; };
		483E307E1FEAABC4006D4512 /* TripEditorViewController.xib in Resources */ = {isa = PBXBuildFile; fileRef = 483E306A1FEAABC4006D4512 /* TripEditorViewController.xib */; };
		483E307F1FEAABC4006D4512 /* TripListTableViewController.swift in Sources */ = {isa = PBXBuildFile; fileRef = 483E306B1FEAABC4006D4512 /* TripListTableViewController.swift */; };
		483E30801FEAABC4006D4512 /* TripListTableViewController.xib in Resources */ = {isa = PBXBuildFile; fileRef = 483E306C1FEAABC4006D4512 /* TripListTableViewController.xib */; };
		483E30811FEAABC4006D4512 /* TripViewType.swift in Sources */ = {isa = PBXBuildFile; fileRef = 483E306E1FEAABC4006D4512 /* TripViewType.swift */; };
		483E30821FEAABC4006D4512 /* UIViewAnimationCurve.swift in Sources */ = {isa = PBXBuildFile; fileRef = 483E30701FEAABC4006D4512 /* UIViewAnimationCurve.swift */; };
		483E30831FEAABC4006D4512 /* KeyboardManager.swift in Sources */ = {isa = PBXBuildFile; fileRef = 483E30721FEAABC4006D4512 /* KeyboardManager.swift */; };
		483E30851FEAB2A5006D4512 /* GoogleService-Info.plist in Resources */ = {isa = PBXBuildFile; fileRef = 483E30841FEAB2A5006D4512 /* GoogleService-Info.plist */; };
		483E30871FEAB922006D4512 /* Trip.swift in Sources */ = {isa = PBXBuildFile; fileRef = 483E30861FEAB922006D4512 /* Trip.swift */; };
		483E30891FEABDDF006D4512 /* DateFormatter.swift in Sources */ = {isa = PBXBuildFile; fileRef = 483E30881FEABDDF006D4512 /* DateFormatter.swift */; };
		483E308B1FEAC364006D4512 /* Date.swift in Sources */ = {isa = PBXBuildFile; fileRef = 483E308A1FEAC364006D4512 /* Date.swift */; };
		483E308F1FEADC42006D4512 /* Balbabe.swift in Sources */ = {isa = PBXBuildFile; fileRef = 483E308E1FEADC42006D4512 /* Balbabe.swift */; };
		483E30911FEADE5A006D4512 /* TripListTableViewDataSource.swift in Sources */ = {isa = PBXBuildFile; fileRef = 483E30901FEADE5A006D4512 /* TripListTableViewDataSource.swift */; };
		483E30931FEADF63006D4512 /* TripTableViewCell.swift in Sources */ = {isa = PBXBuildFile; fileRef = 483E30921FEADF63006D4512 /* TripTableViewCell.swift */; };
		483E30961FEADFA2006D4512 /* TripTableViewCell.xib in Resources */ = {isa = PBXBuildFile; fileRef = 483E30951FEADFA2006D4512 /* TripTableViewCell.xib */; };
		483E30981FEB7075006D4512 /* BalbabeTripListTableViewController.swift in Sources */ = {isa = PBXBuildFile; fileRef = 483E30971FEB7075006D4512 /* BalbabeTripListTableViewController.swift */; };
		484020FD200274D800EB2EB4 /* DatabaseConvertible.swift in Sources */ = {isa = PBXBuildFile; fileRef = 484020FC200274D800EB2EB4 /* DatabaseConvertible.swift */; };
		484020FF2002775900EB2EB4 /* DateInterval.swift in Sources */ = {isa = PBXBuildFile; fileRef = 484020FE2002775900EB2EB4 /* DateInterval.swift */; };
		4840210220027C9B00EB2EB4 /* UIToolbar.swift in Sources */ = {isa = PBXBuildFile; fileRef = 4840210120027C9B00EB2EB4 /* UIToolbar.swift */; };
		48B16BA32001F32D00BF45DF /* LoadingViewState.swift in Sources */ = {isa = PBXBuildFile; fileRef = 48B16BA22001F32D00BF45DF /* LoadingViewState.swift */; };
		48B16BA62001F6C500BF45DF /* TripEditOperation.swift in Sources */ = {isa = PBXBuildFile; fileRef = 48B16BA52001F6C500BF45DF /* TripEditOperation.swift */; };
		48B16BA82001F6F000BF45DF /* AsynchronousOperation.swift in Sources */ = {isa = PBXBuildFile; fileRef = 48B16BA72001F6F000BF45DF /* AsynchronousOperation.swift */; };
		48B16BAB2001F78500BF45DF /* Result.swift in Sources */ = {isa = PBXBuildFile; fileRef = 48B16BA92001F78400BF45DF /* Result.swift */; };
		48B16BAC2001F78500BF45DF /* ResultGeneratingOperation.swift in Sources */ = {isa = PBXBuildFile; fileRef = 48B16BAA2001F78500BF45DF /* ResultGeneratingOperation.swift */; };
		48B16BAE2001FA2E00BF45DF /* TripMetadata.swift in Sources */ = {isa = PBXBuildFile; fileRef = 48B16BAD2001FA2E00BF45DF /* TripMetadata.swift */; };
		48B16BB020020B1000BF45DF /* CitySearchTaskWrapper.swift in Sources */ = {isa = PBXBuildFile; fileRef = 48B16BAF20020B1000BF45DF /* CitySearchTaskWrapper.swift */; };
		48B16BB2200228BA00BF45DF /* CityGeocodeTaskWrapper.swift in Sources */ = {isa = PBXBuildFile; fileRef = 48B16BB1200228BA00BF45DF /* CityGeocodeTaskWrapper.swift */; };
		48BC2FDF200B51DC0030A41A /* CKClusterView.swift in Sources */ = {isa = PBXBuildFile; fileRef = 48BC2FDE200B51DC0030A41A /* CKClusterView.swift */; };
		C1721180A29D8C402F48B0E2 /* Pods_WhereIsBalboa.framework in Frameworks */ = {isa = PBXBuildFile; fileRef = 169CE0DFA5645B11B4FC3115 /* Pods_WhereIsBalboa.framework */; };
/* End PBXBuildFile section */

/* Begin PBXFileReference section */
		169CE0DFA5645B11B4FC3115 /* Pods_WhereIsBalboa.framework */ = {isa = PBXFileReference; explicitFileType = wrapper.framework; includeInIndex = 0; path = Pods_WhereIsBalboa.framework; sourceTree = BUILT_PRODUCTS_DIR; };
		329AEBE3B64A29654C79F38B /* Pods-WhereIsBalboa.debug.xcconfig */ = {isa = PBXFileReference; includeInIndex = 1; lastKnownFileType = text.xcconfig; name = "Pods-WhereIsBalboa.debug.xcconfig"; path = "Pods/Target Support Files/Pods-WhereIsBalboa/Pods-WhereIsBalboa.debug.xcconfig"; sourceTree = "<group>"; };
		3764ED0D75B66BD7768C4E19 /* Pods-WhereIsBalboa.release.xcconfig */ = {isa = PBXFileReference; includeInIndex = 1; lastKnownFileType = text.xcconfig; name = "Pods-WhereIsBalboa.release.xcconfig"; path = "Pods/Target Support Files/Pods-WhereIsBalboa/Pods-WhereIsBalboa.release.xcconfig"; sourceTree = "<group>"; };
		482B2ADA200CF551009B04C0 /* LoginViewController.swift */ = {isa = PBXFileReference; lastKnownFileType = sourcecode.swift; path = LoginViewController.swift; sourceTree = "<group>"; };
		482B2ADC200CF55A009B04C0 /* LoginViewController.xib */ = {isa = PBXFileReference; lastKnownFileType = file.xib; path = LoginViewController.xib; sourceTree = "<group>"; };
		482B2ADE200CF884009B04C0 /* LoginOperation.swift */ = {isa = PBXFileReference; fileEncoding = 4; lastKnownFileType = sourcecode.swift; path = LoginOperation.swift; sourceTree = "<group>"; };
		482B2AE4200CFEDB009B04C0 /* UserManager.swift */ = {isa = PBXFileReference; fileEncoding = 4; lastKnownFileType = sourcecode.swift; path = UserManager.swift; sourceTree = "<group>"; };
		482B2AE8200CFFC4009B04C0 /* NotificationCenter.swift */ = {isa = PBXFileReference; fileEncoding = 4; lastKnownFileType = sourcecode.swift; path = NotificationCenter.swift; sourceTree = "<group>"; };
		482B2AEA200D0449009B04C0 /* BalbabeCreateOperation.swift */ = {isa = PBXFileReference; fileEncoding = 4; lastKnownFileType = sourcecode.swift; path = BalbabeCreateOperation.swift; sourceTree = "<group>"; };
		482B2AEC200D04EA009B04C0 /* BalbabeMetadata.swift */ = {isa = PBXFileReference; lastKnownFileType = sourcecode.swift; path = BalbabeMetadata.swift; sourceTree = "<group>"; };
		482B2AEE200D0603009B04C0 /* OperationBuilderError.swift */ = {isa = PBXFileReference; fileEncoding = 4; lastKnownFileType = sourcecode.swift; path = OperationBuilderError.swift; sourceTree = "<group>"; };
		482B2AF0200D0914009B04C0 /* SignUpViewController.swift */ = {isa = PBXFileReference; lastKnownFileType = sourcecode.swift; path = SignUpViewController.swift; sourceTree = "<group>"; };
		482B2AF2200D091C009B04C0 /* SignUpViewController.xib */ = {isa = PBXFileReference; lastKnownFileType = file.xib; path = SignUpViewController.xib; sourceTree = "<group>"; };
		482B2AF4200D322F009B04C0 /* HomeViewControllerConfiguration.swift */ = {isa = PBXFileReference; lastKnownFileType = sourcecode.swift; path = HomeViewControllerConfiguration.swift; sourceTree = "<group>"; };
		482B2AF6200D4558009B04C0 /* TripDeleteOperation.swift */ = {isa = PBXFileReference; lastKnownFileType = sourcecode.swift; path = TripDeleteOperation.swift; sourceTree = "<group>"; };
		482B2AF8200DF51C009B04C0 /* AccountEditor.swift */ = {isa = PBXFileReference; lastKnownFileType = sourcecode.swift; path = AccountEditor.swift; sourceTree = "<group>"; };
		482B2AFA200DFEA0009B04C0 /* BalbabeEditOperation.swift */ = {isa = PBXFileReference; lastKnownFileType = sourcecode.swift; path = BalbabeEditOperation.swift; sourceTree = "<group>"; };
		482B2AFC200E07A3009B04C0 /* TextFieldPromptViewController.swift */ = {isa = PBXFileReference; lastKnownFileType = sourcecode.swift; path = TextFieldPromptViewController.swift; sourceTree = "<group>"; };
		482B2AFE200E07B1009B04C0 /* TextFieldPromptViewController.xib */ = {isa = PBXFileReference; lastKnownFileType = file.xib; path = TextFieldPromptViewController.xib; sourceTree = "<group>"; };
		482B2B00200E2017009B04C0 /* DatabaseConversionError.swift */ = {isa = PBXFileReference; lastKnownFileType = sourcecode.swift; path = DatabaseConversionError.swift; sourceTree = "<group>"; };
		482B2B02200E7431009B04C0 /* WhereIsBalboa.entitlements */ = {isa = PBXFileReference; lastKnownFileType = text.plist.entitlements; path = WhereIsBalboa.entitlements; sourceTree = "<group>"; };
		483B990C1FEE9717009DF029 /* TripsDataConfiguration.swift */ = {isa = PBXFileReference; lastKnownFileType = sourcecode.swift; path = TripsDataConfiguration.swift; sourceTree = "<group>"; };
		483B990E1FEEA017009DF029 /* LoadingViewController.swift */ = {isa = PBXFileReference; lastKnownFileType = sourcecode.swift; path = LoadingViewController.swift; sourceTree = "<group>"; };
		483B99101FEEA032009DF029 /* LoadingViewController.xib */ = {isa = PBXFileReference; lastKnownFileType = file.xib; path = LoadingViewController.xib; sourceTree = "<group>"; };
		483B99121FEF7828009DF029 /* BalbabeTripListTableViewController.xib */ = {isa = PBXFileReference; lastKnownFileType = file.xib; path = BalbabeTripListTableViewController.xib; sourceTree = "<group>"; };
		483B99141FEF7853009DF029 /* BalbabeTripListTableViewDataSource.swift */ = {isa = PBXFileReference; lastKnownFileType = sourcecode.swift; path = BalbabeTripListTableViewDataSource.swift; sourceTree = "<group>"; };
		483B99161FEF7934009DF029 /* OwnTripTableViewCell.swift */ = {isa = PBXFileReference; lastKnownFileType = sourcecode.swift; path = OwnTripTableViewCell.swift; sourceTree = "<group>"; };
		483B99181FEF793D009DF029 /* OwnTripTableViewCell.xib */ = {isa = PBXFileReference; lastKnownFileType = file.xib; path = OwnTripTableViewCell.xib; sourceTree = "<group>"; };
		483B991C1FEF8578009DF029 /* TripAnnotation.swift */ = {isa = PBXFileReference; lastKnownFileType = sourcecode.swift; path = TripAnnotation.swift; sourceTree = "<group>"; };
		483B99201FEF90A2009DF029 /* UIView.swift */ = {isa = PBXFileReference; fileEncoding = 4; lastKnownFileType = sourcecode.swift; path = UIView.swift; sourceTree = "<group>"; };
		483B99221FEFA44B009DF029 /* UIImage.swift */ = {isa = PBXFileReference; fileEncoding = 4; lastKnownFileType = sourcecode.swift; path = UIImage.swift; sourceTree = "<group>"; };
		483B99241FF003B8009DF029 /* Address.swift */ = {isa = PBXFileReference; lastKnownFileType = sourcecode.swift; path = Address.swift; sourceTree = "<group>"; };
		483BA6441FF558CD005C9F76 /* LocationSearchTableViewController.swift */ = {isa = PBXFileReference; fileEncoding = 4; lastKnownFileType = sourcecode.swift; path = LocationSearchTableViewController.swift; sourceTree = "<group>"; };
		483BA64B1FF55A0A005C9F76 /* LocationSearchTableViewControllerDelegate.swift */ = {isa = PBXFileReference; lastKnownFileType = sourcecode.swift; path = LocationSearchTableViewControllerDelegate.swift; sourceTree = "<group>"; };
		483BA64D1FF55B8C005C9F76 /* LocationSearchTableViewController.xib */ = {isa = PBXFileReference; lastKnownFileType = file.xib; path = LocationSearchTableViewController.xib; sourceTree = "<group>"; };
		483BA64F1FF55BEB005C9F76 /* LoadingView.swift */ = {isa = PBXFileReference; lastKnownFileType = sourcecode.swift; path = LoadingView.swift; sourceTree = "<group>"; };
		483BA6511FF58FCF005C9F76 /* UIViewController.swift */ = {isa = PBXFileReference; fileEncoding = 4; lastKnownFileType = sourcecode.swift; path = UIViewController.swift; sourceTree = "<group>"; };
		483E30491FEAAB58006D4512 /* WhereIsBalboa.app */ = {isa = PBXFileReference; explicitFileType = wrapper.application; includeInIndex = 0; path = WhereIsBalboa.app; sourceTree = BUILT_PRODUCTS_DIR; };
		483E304C1FEAAB58006D4512 /* AppDelegate.swift */ = {isa = PBXFileReference; lastKnownFileType = sourcecode.swift; path = AppDelegate.swift; sourceTree = "<group>"; };
		483E30531FEAAB58006D4512 /* Assets.xcassets */ = {isa = PBXFileReference; lastKnownFileType = folder.assetcatalog; path = Assets.xcassets; sourceTree = "<group>"; };
		483E30561FEAAB58006D4512 /* Base */ = {isa = PBXFileReference; lastKnownFileType = file.storyboard; name = Base; path = Base.lproj/LaunchScreen.storyboard; sourceTree = "<group>"; };
		483E30581FEAAB58006D4512 /* Info.plist */ = {isa = PBXFileReference; lastKnownFileType = text.plist.xml; path = Info.plist; sourceTree = "<group>"; };
		483E30611FEAABC4006D4512 /* TripMapViewController.swift */ = {isa = PBXFileReference; fileEncoding = 4; lastKnownFileType = sourcecode.swift; path = TripMapViewController.swift; sourceTree = "<group>"; };
		483E30621FEAABC4006D4512 /* TripMapViewController.xib */ = {isa = PBXFileReference; fileEncoding = 4; lastKnownFileType = file.xib; path = TripMapViewController.xib; sourceTree = "<group>"; };
		483E30651FEAABC4006D4512 /* HomeViewController.swift */ = {isa = PBXFileReference; fileEncoding = 4; lastKnownFileType = sourcecode.swift; path = HomeViewController.swift; sourceTree = "<group>"; };
		483E30661FEAABC4006D4512 /* HomeViewController.xib */ = {isa = PBXFileReference; fileEncoding = 4; lastKnownFileType = file.xib; path = HomeViewController.xib; sourceTree = "<group>"; };
		483E30671FEAABC4006D4512 /* ProfileViewController.swift */ = {isa = PBXFileReference; fileEncoding = 4; lastKnownFileType = sourcecode.swift; path = ProfileViewController.swift; sourceTree = "<group>"; };
		483E30681FEAABC4006D4512 /* ProfileViewController.xib */ = {isa = PBXFileReference; fileEncoding = 4; lastKnownFileType = file.xib; path = ProfileViewController.xib; sourceTree = "<group>"; };
		483E30691FEAABC4006D4512 /* TripEditorViewController.swift */ = {isa = PBXFileReference; fileEncoding = 4; lastKnownFileType = sourcecode.swift; path = TripEditorViewController.swift; sourceTree = "<group>"; };
		483E306A1FEAABC4006D4512 /* TripEditorViewController.xib */ = {isa = PBXFileReference; fileEncoding = 4; lastKnownFileType = file.xib; path = TripEditorViewController.xib; sourceTree = "<group>"; };
		483E306B1FEAABC4006D4512 /* TripListTableViewController.swift */ = {isa = PBXFileReference; fileEncoding = 4; lastKnownFileType = sourcecode.swift; path = TripListTableViewController.swift; sourceTree = "<group>"; };
		483E306C1FEAABC4006D4512 /* TripListTableViewController.xib */ = {isa = PBXFileReference; fileEncoding = 4; lastKnownFileType = file.xib; path = TripListTableViewController.xib; sourceTree = "<group>"; };
		483E306E1FEAABC4006D4512 /* TripViewType.swift */ = {isa = PBXFileReference; fileEncoding = 4; lastKnownFileType = sourcecode.swift; path = TripViewType.swift; sourceTree = "<group>"; };
		483E30701FEAABC4006D4512 /* UIViewAnimationCurve.swift */ = {isa = PBXFileReference; fileEncoding = 4; lastKnownFileType = sourcecode.swift; path = UIViewAnimationCurve.swift; sourceTree = "<group>"; };
		483E30721FEAABC4006D4512 /* KeyboardManager.swift */ = {isa = PBXFileReference; fileEncoding = 4; lastKnownFileType = sourcecode.swift; path = KeyboardManager.swift; sourceTree = "<group>"; };
		483E30841FEAB2A5006D4512 /* GoogleService-Info.plist */ = {isa = PBXFileReference; fileEncoding = 4; lastKnownFileType = text.plist.xml; path = "GoogleService-Info.plist"; sourceTree = "<group>"; };
		483E30861FEAB922006D4512 /* Trip.swift */ = {isa = PBXFileReference; lastKnownFileType = sourcecode.swift; path = Trip.swift; sourceTree = "<group>"; };
		483E30881FEABDDF006D4512 /* DateFormatter.swift */ = {isa = PBXFileReference; fileEncoding = 4; lastKnownFileType = sourcecode.swift; name = DateFormatter.swift; path = WhereIsBalboa/Extensions/DateFormatter.swift; sourceTree = SOURCE_ROOT; };
		483E308A1FEAC364006D4512 /* Date.swift */ = {isa = PBXFileReference; fileEncoding = 4; lastKnownFileType = sourcecode.swift; path = Date.swift; sourceTree = "<group>"; };
		483E308E1FEADC42006D4512 /* Balbabe.swift */ = {isa = PBXFileReference; lastKnownFileType = sourcecode.swift; path = Balbabe.swift; sourceTree = "<group>"; };
		483E30901FEADE5A006D4512 /* TripListTableViewDataSource.swift */ = {isa = PBXFileReference; lastKnownFileType = sourcecode.swift; path = TripListTableViewDataSource.swift; sourceTree = "<group>"; };
		483E30921FEADF63006D4512 /* TripTableViewCell.swift */ = {isa = PBXFileReference; lastKnownFileType = sourcecode.swift; path = TripTableViewCell.swift; sourceTree = "<group>"; };
		483E30951FEADFA2006D4512 /* TripTableViewCell.xib */ = {isa = PBXFileReference; lastKnownFileType = file.xib; path = TripTableViewCell.xib; sourceTree = "<group>"; };
		483E30971FEB7075006D4512 /* BalbabeTripListTableViewController.swift */ = {isa = PBXFileReference; lastKnownFileType = sourcecode.swift; path = BalbabeTripListTableViewController.swift; sourceTree = "<group>"; };
		484020FC200274D800EB2EB4 /* DatabaseConvertible.swift */ = {isa = PBXFileReference; fileEncoding = 4; lastKnownFileType = sourcecode.swift; path = DatabaseConvertible.swift; sourceTree = "<group>"; };
		484020FE2002775900EB2EB4 /* DateInterval.swift */ = {isa = PBXFileReference; lastKnownFileType = sourcecode.swift; path = DateInterval.swift; sourceTree = "<group>"; };
		4840210120027C9B00EB2EB4 /* UIToolbar.swift */ = {isa = PBXFileReference; lastKnownFileType = sourcecode.swift; path = UIToolbar.swift; sourceTree = "<group>"; };
		48B16BA22001F32D00BF45DF /* LoadingViewState.swift */ = {isa = PBXFileReference; lastKnownFileType = sourcecode.swift; path = LoadingViewState.swift; sourceTree = "<group>"; };
		48B16BA52001F6C500BF45DF /* TripEditOperation.swift */ = {isa = PBXFileReference; lastKnownFileType = sourcecode.swift; path = TripEditOperation.swift; sourceTree = "<group>"; };
		48B16BA72001F6F000BF45DF /* AsynchronousOperation.swift */ = {isa = PBXFileReference; fileEncoding = 4; lastKnownFileType = sourcecode.swift; path = AsynchronousOperation.swift; sourceTree = "<group>"; };
		48B16BA92001F78400BF45DF /* Result.swift */ = {isa = PBXFileReference; fileEncoding = 4; lastKnownFileType = sourcecode.swift; path = Result.swift; sourceTree = "<group>"; };
		48B16BAA2001F78500BF45DF /* ResultGeneratingOperation.swift */ = {isa = PBXFileReference; fileEncoding = 4; lastKnownFileType = sourcecode.swift; path = ResultGeneratingOperation.swift; sourceTree = "<group>"; };
		48B16BAD2001FA2E00BF45DF /* TripMetadata.swift */ = {isa = PBXFileReference; lastKnownFileType = sourcecode.swift; path = TripMetadata.swift; sourceTree = "<group>"; };
		48B16BAF20020B1000BF45DF /* CitySearchTaskWrapper.swift */ = {isa = PBXFileReference; lastKnownFileType = sourcecode.swift; path = CitySearchTaskWrapper.swift; sourceTree = "<group>"; };
		48B16BB1200228BA00BF45DF /* CityGeocodeTaskWrapper.swift */ = {isa = PBXFileReference; lastKnownFileType = sourcecode.swift; path = CityGeocodeTaskWrapper.swift; sourceTree = "<group>"; };
		48BC2FDE200B51DC0030A41A /* CKClusterView.swift */ = {isa = PBXFileReference; lastKnownFileType = sourcecode.swift; path = CKClusterView.swift; sourceTree = "<group>"; };
/* End PBXFileReference section */

/* Begin PBXFrameworksBuildPhase section */
		483E30461FEAAB58006D4512 /* Frameworks */ = {
			isa = PBXFrameworksBuildPhase;
			buildActionMask = 2147483647;
			files = (
				C1721180A29D8C402F48B0E2 /* Pods_WhereIsBalboa.framework in Frameworks */,
			);
			runOnlyForDeploymentPostprocessing = 0;
		};
/* End PBXFrameworksBuildPhase section */

/* Begin PBXGroup section */
		1FF45CF512315A2B188FEDF5 /* Frameworks */ = {
			isa = PBXGroup;
			children = (
				169CE0DFA5645B11B4FC3115 /* Pods_WhereIsBalboa.framework */,
			);
			name = Frameworks;
			sourceTree = "<group>";
		};
		483BA6481FF55930005C9F76 /* Protocols */ = {
			isa = PBXGroup;
			children = (
				484020FC200274D800EB2EB4 /* DatabaseConvertible.swift */,
				48B16BAA2001F78500BF45DF /* ResultGeneratingOperation.swift */,
				483BA64B1FF55A0A005C9F76 /* LocationSearchTableViewControllerDelegate.swift */,
				482B2AF8200DF51C009B04C0 /* AccountEditor.swift */,
			);
			path = Protocols;
			sourceTree = "<group>";
		};
		483E30401FEAAB58006D4512 = {
			isa = PBXGroup;
			children = (
				483E304B1FEAAB58006D4512 /* WhereIsBalboa */,
				483E304A1FEAAB58006D4512 /* Products */,
				84FEE0789AB3B10807195D79 /* Pods */,
				1FF45CF512315A2B188FEDF5 /* Frameworks */,
			);
			sourceTree = "<group>";
		};
		483E304A1FEAAB58006D4512 /* Products */ = {
			isa = PBXGroup;
			children = (
				483E30491FEAAB58006D4512 /* WhereIsBalboa.app */,
			);
			name = Products;
			sourceTree = "<group>";
		};
		483E304B1FEAAB58006D4512 /* WhereIsBalboa */ = {
			isa = PBXGroup;
			children = (
				482B2B02200E7431009B04C0 /* WhereIsBalboa.entitlements */,
				48B16BA42001F6BD00BF45DF /* Operations */,
				483E304C1FEAAB58006D4512 /* AppDelegate.swift */,
				483E30531FEAAB58006D4512 /* Assets.xcassets */,
				483E306F1FEAABC4006D4512 /* Extensions */,
				483E30841FEAB2A5006D4512 /* GoogleService-Info.plist */,
				483E30581FEAAB58006D4512 /* Info.plist */,
				483E30551FEAAB58006D4512 /* LaunchScreen.storyboard */,
				483E30711FEAABC4006D4512 /* Logic */,
				483E306D1FEAABC4006D4512 /* Models */,
				483BA6481FF55930005C9F76 /* Protocols */,
				483E305E1FEAABC4006D4512 /* ViewControllers */,
				483E30941FEADF93006D4512 /* Views */,
			);
			path = WhereIsBalboa;
			sourceTree = "<group>";
		};
		483E305E1FEAABC4006D4512 /* ViewControllers */ = {
			isa = PBXGroup;
			children = (
				483BA6441FF558CD005C9F76 /* LocationSearchTableViewController.swift */,
				483BA64D1FF55B8C005C9F76 /* LocationSearchTableViewController.xib */,
				483E30651FEAABC4006D4512 /* HomeViewController.swift */,
				483E30661FEAABC4006D4512 /* HomeViewController.xib */,
				483E30671FEAABC4006D4512 /* ProfileViewController.swift */,
				483E30681FEAABC4006D4512 /* ProfileViewController.xib */,
				483E30691FEAABC4006D4512 /* TripEditorViewController.swift */,
				483E306A1FEAABC4006D4512 /* TripEditorViewController.xib */,
				483E306B1FEAABC4006D4512 /* TripListTableViewController.swift */,
				483E306C1FEAABC4006D4512 /* TripListTableViewController.xib */,
				483E30611FEAABC4006D4512 /* TripMapViewController.swift */,
				483E30621FEAABC4006D4512 /* TripMapViewController.xib */,
				483E30971FEB7075006D4512 /* BalbabeTripListTableViewController.swift */,
				483B99121FEF7828009DF029 /* BalbabeTripListTableViewController.xib */,
				483B990E1FEEA017009DF029 /* LoadingViewController.swift */,
				483B99101FEEA032009DF029 /* LoadingViewController.xib */,
				482B2ADA200CF551009B04C0 /* LoginViewController.swift */,
				482B2ADC200CF55A009B04C0 /* LoginViewController.xib */,
				482B2AF0200D0914009B04C0 /* SignUpViewController.swift */,
				482B2AF2200D091C009B04C0 /* SignUpViewController.xib */,
				482B2AFC200E07A3009B04C0 /* TextFieldPromptViewController.swift */,
				482B2AFE200E07B1009B04C0 /* TextFieldPromptViewController.xib */,
			);
			path = ViewControllers;
			sourceTree = "<group>";
		};
		483E306D1FEAABC4006D4512 /* Models */ = {
			isa = PBXGroup;
			children = (
				482B2AEE200D0603009B04C0 /* OperationBuilderError.swift */,
				483E306E1FEAABC4006D4512 /* TripViewType.swift */,
				483E30861FEAB922006D4512 /* Trip.swift */,
				48B16BA92001F78400BF45DF /* Result.swift */,
				483E308E1FEADC42006D4512 /* Balbabe.swift */,
				482B2AEC200D04EA009B04C0 /* BalbabeMetadata.swift */,
				483B990C1FEE9717009DF029 /* TripsDataConfiguration.swift */,
				483B991C1FEF8578009DF029 /* TripAnnotation.swift */,
				483B99241FF003B8009DF029 /* Address.swift */,
				48B16BA22001F32D00BF45DF /* LoadingViewState.swift */,
				48B16BAD2001FA2E00BF45DF /* TripMetadata.swift */,
				482B2AF4200D322F009B04C0 /* HomeViewControllerConfiguration.swift */,
				482B2B00200E2017009B04C0 /* DatabaseConversionError.swift */,
			);
			path = Models;
			sourceTree = "<group>";
		};
		483E306F1FEAABC4006D4512 /* Extensions */ = {
			isa = PBXGroup;
			children = (
				482B2AE8200CFFC4009B04C0 /* NotificationCenter.swift */,
				483E308A1FEAC364006D4512 /* Date.swift */,
				483E30881FEABDDF006D4512 /* DateFormatter.swift */,
				484020FE2002775900EB2EB4 /* DateInterval.swift */,
				483B99221FEFA44B009DF029 /* UIImage.swift */,
				4840210120027C9B00EB2EB4 /* UIToolbar.swift */,
				483B99201FEF90A2009DF029 /* UIView.swift */,
				483E30701FEAABC4006D4512 /* UIViewAnimationCurve.swift */,
				483BA6511FF58FCF005C9F76 /* UIViewController.swift */,
			);
			path = Extensions;
			sourceTree = "<group>";
		};
		483E30711FEAABC4006D4512 /* Logic */ = {
			isa = PBXGroup;
			children = (
				482B2AE4200CFEDB009B04C0 /* UserManager.swift */,
				483E30721FEAABC4006D4512 /* KeyboardManager.swift */,
				483B99141FEF7853009DF029 /* BalbabeTripListTableViewDataSource.swift */,
				483E30901FEADE5A006D4512 /* TripListTableViewDataSource.swift */,
			);
			path = Logic;
			sourceTree = "<group>";
		};
		483E30941FEADF93006D4512 /* Views */ = {
			isa = PBXGroup;
			children = (
				483E30921FEADF63006D4512 /* TripTableViewCell.swift */,
				483E30951FEADFA2006D4512 /* TripTableViewCell.xib */,
				483B99161FEF7934009DF029 /* OwnTripTableViewCell.swift */,
				483B99181FEF793D009DF029 /* OwnTripTableViewCell.xib */,
				483BA64F1FF55BEB005C9F76 /* LoadingView.swift */,
				48BC2FDE200B51DC0030A41A /* CKClusterView.swift */,
			);
			path = Views;
			sourceTree = "<group>";
		};
		4840210020027B0300EB2EB4 /* TaskWrappers */ = {
			isa = PBXGroup;
			children = (
				48B16BAF20020B1000BF45DF /* CitySearchTaskWrapper.swift */,
				48B16BB1200228BA00BF45DF /* CityGeocodeTaskWrapper.swift */,
			);
			path = TaskWrappers;
			sourceTree = "<group>";
		};
		48B16BA42001F6BD00BF45DF /* Operations */ = {
			isa = PBXGroup;
			children = (
				482B2AEA200D0449009B04C0 /* BalbabeCreateOperation.swift */,
				482B2AFA200DFEA0009B04C0 /* BalbabeEditOperation.swift */,
				48B16BA72001F6F000BF45DF /* AsynchronousOperation.swift */,
				482B2ADE200CF884009B04C0 /* LoginOperation.swift */,
				4840210020027B0300EB2EB4 /* TaskWrappers */,
				48B16BA52001F6C500BF45DF /* TripEditOperation.swift */,
				482B2AF6200D4558009B04C0 /* TripDeleteOperation.swift */,
			);
			path = Operations;
			sourceTree = "<group>";
		};
		84FEE0789AB3B10807195D79 /* Pods */ = {
			isa = PBXGroup;
			children = (
				329AEBE3B64A29654C79F38B /* Pods-WhereIsBalboa.debug.xcconfig */,
				3764ED0D75B66BD7768C4E19 /* Pods-WhereIsBalboa.release.xcconfig */,
			);
			name = Pods;
			sourceTree = "<group>";
		};
/* End PBXGroup section */

/* Begin PBXNativeTarget section */
		483E30481FEAAB58006D4512 /* WhereIsBalboa */ = {
			isa = PBXNativeTarget;
			buildConfigurationList = 483E305B1FEAAB58006D4512 /* Build configuration list for PBXNativeTarget "WhereIsBalboa" */;
			buildPhases = (
				F0415A1DDB759DCACB9455BA /* [CP] Check Pods Manifest.lock */,
				483E30451FEAAB58006D4512 /* Sources */,
				483E30461FEAAB58006D4512 /* Frameworks */,
				483E30471FEAAB58006D4512 /* Resources */,
				5E89C4C489AC49A641A248CF /* [CP] Embed Pods Frameworks */,
				CA75BD51878153484E2FA852 /* [CP] Copy Pods Resources */,
			);
			buildRules = (
			);
			dependencies = (
			);
			name = WhereIsBalboa;
			productName = WhereIsBalboa;
			productReference = 483E30491FEAAB58006D4512 /* WhereIsBalboa.app */;
			productType = "com.apple.product-type.application";
		};
/* End PBXNativeTarget section */

/* Begin PBXProject section */
		483E30411FEAAB58006D4512 /* Project object */ = {
			isa = PBXProject;
			attributes = {
				LastSwiftUpdateCheck = 0920;
				LastUpgradeCheck = 0920;
				TargetAttributes = {
					483E30481FEAAB58006D4512 = {
						CreatedOnToolsVersion = 9.2;
						ProvisioningStyle = Automatic;
						SystemCapabilities = {
							com.apple.Push = {
								enabled = 1;
							};
						};
					};
				};
			};
			buildConfigurationList = 483E30441FEAAB58006D4512 /* Build configuration list for PBXProject "WhereIsBalboa" */;
			compatibilityVersion = "Xcode 8.0";
			developmentRegion = en;
			hasScannedForEncodings = 0;
			knownRegions = (
				en,
				Base,
			);
			mainGroup = 483E30401FEAAB58006D4512;
			productRefGroup = 483E304A1FEAAB58006D4512 /* Products */;
			projectDirPath = "";
			projectRoot = "";
			targets = (
				483E30481FEAAB58006D4512 /* WhereIsBalboa */,
			);
		};
/* End PBXProject section */

/* Begin PBXResourcesBuildPhase section */
		483E30471FEAAB58006D4512 /* Resources */ = {
			isa = PBXResourcesBuildPhase;
			buildActionMask = 2147483647;
			files = (
				483E30801FEAABC4006D4512 /* TripListTableViewController.xib in Resources */,
				483B99131FEF7828009DF029 /* BalbabeTripListTableViewController.xib in Resources */,
				483BA64E1FF55B8C005C9F76 /* LocationSearchTableViewController.xib in Resources */,
				483E307E1FEAABC4006D4512 /* TripEditorViewController.xib in Resources */,
				483B99191FEF793D009DF029 /* OwnTripTableViewCell.xib in Resources */,
				482B2ADD200CF55A009B04C0 /* LoginViewController.xib in Resources */,
				483E30571FEAAB58006D4512 /* LaunchScreen.storyboard in Resources */,
				483E307C1FEAABC4006D4512 /* ProfileViewController.xib in Resources */,
				483B99111FEEA032009DF029 /* LoadingViewController.xib in Resources */,
				483E30541FEAAB58006D4512 /* Assets.xcassets in Resources */,
				483E30761FEAABC4006D4512 /* TripMapViewController.xib in Resources */,
				483E30961FEADFA2006D4512 /* TripTableViewCell.xib in Resources */,
				483E30851FEAB2A5006D4512 /* GoogleService-Info.plist in Resources */,
				482B2AF3200D091C009B04C0 /* SignUpViewController.xib in Resources */,
				483E307A1FEAABC4006D4512 /* HomeViewController.xib in Resources */,
				482B2AFF200E07B1009B04C0 /* TextFieldPromptViewController.xib in Resources */,
			);
			runOnlyForDeploymentPostprocessing = 0;
		};
/* End PBXResourcesBuildPhase section */

/* Begin PBXShellScriptBuildPhase section */
		5E89C4C489AC49A641A248CF /* [CP] Embed Pods Frameworks */ = {
			isa = PBXShellScriptBuildPhase;
			buildActionMask = 2147483647;
			files = (
			);
			inputPaths = (
			);
			name = "[CP] Embed Pods Frameworks";
			outputPaths = (
			);
			runOnlyForDeploymentPostprocessing = 0;
			shellPath = /bin/sh;
			shellScript = "\"${SRCROOT}/Pods/Target Support Files/Pods-WhereIsBalboa/Pods-WhereIsBalboa-frameworks.sh\"\n";
			showEnvVarsInLog = 0;
		};
		CA75BD51878153484E2FA852 /* [CP] Copy Pods Resources */ = {
			isa = PBXShellScriptBuildPhase;
			buildActionMask = 2147483647;
			files = (
			);
			inputPaths = (
			);
			name = "[CP] Copy Pods Resources";
			outputPaths = (
			);
			runOnlyForDeploymentPostprocessing = 0;
			shellPath = /bin/sh;
			shellScript = "\"${SRCROOT}/Pods/Target Support Files/Pods-WhereIsBalboa/Pods-WhereIsBalboa-resources.sh\"\n";
			showEnvVarsInLog = 0;
		};
		F0415A1DDB759DCACB9455BA /* [CP] Check Pods Manifest.lock */ = {
			isa = PBXShellScriptBuildPhase;
			buildActionMask = 2147483647;
			files = (
			);
			inputPaths = (
			);
			name = "[CP] Check Pods Manifest.lock";
			outputPaths = (
			);
			runOnlyForDeploymentPostprocessing = 0;
			shellPath = /bin/sh;
			shellScript = "diff \"${PODS_ROOT}/../Podfile.lock\" \"${PODS_ROOT}/Manifest.lock\" > /dev/null\nif [ $? != 0 ] ; then\n    # print error to STDERR\n    echo \"error: The sandbox is not in sync with the Podfile.lock. Run 'pod install' or update your CocoaPods installation.\" >&2\n    exit 1\nfi\n";
			showEnvVarsInLog = 0;
		};
/* End PBXShellScriptBuildPhase section */

/* Begin PBXSourcesBuildPhase section */
		483E30451FEAAB58006D4512 /* Sources */ = {
			isa = PBXSourcesBuildPhase;
			buildActionMask = 2147483647;
			files = (
				482B2ADB200CF551009B04C0 /* LoginViewController.swift in Sources */,
				483E30871FEAB922006D4512 /* Trip.swift in Sources */,
				48B16BAE2001FA2E00BF45DF /* TripMetadata.swift in Sources */,
				483E308F1FEADC42006D4512 /* Balbabe.swift in Sources */,
				483E30821FEAABC4006D4512 /* UIViewAnimationCurve.swift in Sources */,
				483E30981FEB7075006D4512 /* BalbabeTripListTableViewController.swift in Sources */,
				482B2AE9200CFFC4009B04C0 /* NotificationCenter.swift in Sources */,
				482B2AEF200D0603009B04C0 /* OperationBuilderError.swift in Sources */,
				483E30891FEABDDF006D4512 /* DateFormatter.swift in Sources */,
				482B2AF7200D4558009B04C0 /* TripDeleteOperation.swift in Sources */,
				483B990F1FEEA017009DF029 /* LoadingViewController.swift in Sources */,
				483B99211FEF90A3009DF029 /* UIView.swift in Sources */,
				483E30911FEADE5A006D4512 /* TripListTableViewDataSource.swift in Sources */,
				483B99251FF003B8009DF029 /* Address.swift in Sources */,
				483B99231FEFA44B009DF029 /* UIImage.swift in Sources */,
				483E304D1FEAAB58006D4512 /* AppDelegate.swift in Sources */,
				483BA6451FF558CD005C9F76 /* LocationSearchTableViewController.swift in Sources */,
				48B16BA32001F32D00BF45DF /* LoadingViewState.swift in Sources */,
				48B16BAB2001F78500BF45DF /* Result.swift in Sources */,
				483E307B1FEAABC4006D4512 /* ProfileViewController.swift in Sources */,
				483BA6521FF58FCF005C9F76 /* UIViewController.swift in Sources */,
				483B990D1FEE9717009DF029 /* TripsDataConfiguration.swift in Sources */,
				48B16BAC2001F78500BF45DF /* ResultGeneratingOperation.swift in Sources */,
				483E30751FEAABC4006D4512 /* TripMapViewController.swift in Sources */,
				483E307F1FEAABC4006D4512 /* TripListTableViewController.swift in Sources */,
				48B16BB020020B1000BF45DF /* CitySearchTaskWrapper.swift in Sources */,
				483B991D1FEF8578009DF029 /* TripAnnotation.swift in Sources */,
				482B2AED200D04EB009B04C0 /* BalbabeMetadata.swift in Sources */,
				484020FD200274D800EB2EB4 /* DatabaseConvertible.swift in Sources */,
				483BA64C1FF55A0A005C9F76 /* LocationSearchTableViewControllerDelegate.swift in Sources */,
				482B2AF5200D322F009B04C0 /* HomeViewControllerConfiguration.swift in Sources */,
				482B2AFB200DFEA0009B04C0 /* BalbabeEditOperation.swift in Sources */,
				483E308B1FEAC364006D4512 /* Date.swift in Sources */,
				4840210220027C9B00EB2EB4 /* UIToolbar.swift in Sources */,
				482B2AE6200CFEDC009B04C0 /* UserManager.swift in Sources */,
				483E30831FEAABC4006D4512 /* KeyboardManager.swift in Sources */,
				482B2ADF200CF884009B04C0 /* LoginOperation.swift in Sources */,
				48BC2FDF200B51DC0030A41A /* CKClusterView.swift in Sources */,
				482B2AF1200D0914009B04C0 /* SignUpViewController.swift in Sources */,
				482B2B01200E2017009B04C0 /* DatabaseConversionError.swift in Sources */,
				48B16BB2200228BA00BF45DF /* CityGeocodeTaskWrapper.swift in Sources */,
				483B99151FEF7853009DF029 /* BalbabeTripListTableViewDataSource.swift in Sources */,
				483E307D1FEAABC4006D4512 /* TripEditorViewController.swift in Sources */,
				482B2AF9200DF51C009B04C0 /* AccountEditor.swift in Sources */,
				483E30791FEAABC4006D4512 /* HomeViewController.swift in Sources */,
				48B16BA62001F6C500BF45DF /* TripEditOperation.swift in Sources */,
				483BA6501FF55BEB005C9F76 /* LoadingView.swift in Sources */,
				482B2AEB200D0449009B04C0 /* BalbabeCreateOperation.swift in Sources */,
				482B2AFD200E07A3009B04C0 /* TextFieldPromptViewController.swift in Sources */,
				484020FF2002775900EB2EB4 /* DateInterval.swift in Sources */,
				483B99171FEF7934009DF029 /* OwnTripTableViewCell.swift in Sources */,
				483E30931FEADF63006D4512 /* TripTableViewCell.swift in Sources */,
				483E30811FEAABC4006D4512 /* TripViewType.swift in Sources */,
				48B16BA82001F6F000BF45DF /* AsynchronousOperation.swift in Sources */,
			);
			runOnlyForDeploymentPostprocessing = 0;
		};
/* End PBXSourcesBuildPhase section */

/* Begin PBXVariantGroup section */
		483E30551FEAAB58006D4512 /* LaunchScreen.storyboard */ = {
			isa = PBXVariantGroup;
			children = (
				483E30561FEAAB58006D4512 /* Base */,
			);
			name = LaunchScreen.storyboard;
			sourceTree = "<group>";
		};
/* End PBXVariantGroup section */

/* Begin XCBuildConfiguration section */
		483E30591FEAAB58006D4512 /* Debug */ = {
			isa = XCBuildConfiguration;
			buildSettings = {
				ALWAYS_SEARCH_USER_PATHS = NO;
				CLANG_ANALYZER_NONNULL = YES;
				CLANG_ANALYZER_NUMBER_OBJECT_CONVERSION = YES_AGGRESSIVE;
				CLANG_CXX_LANGUAGE_STANDARD = "gnu++14";
				CLANG_CXX_LIBRARY = "libc++";
				CLANG_ENABLE_MODULES = YES;
				CLANG_ENABLE_OBJC_ARC = YES;
				CLANG_WARN_BLOCK_CAPTURE_AUTORELEASING = YES;
				CLANG_WARN_BOOL_CONVERSION = YES;
				CLANG_WARN_COMMA = YES;
				CLANG_WARN_CONSTANT_CONVERSION = YES;
				CLANG_WARN_DIRECT_OBJC_ISA_USAGE = YES_ERROR;
				CLANG_WARN_DOCUMENTATION_COMMENTS = YES;
				CLANG_WARN_EMPTY_BODY = YES;
				CLANG_WARN_ENUM_CONVERSION = YES;
				CLANG_WARN_INFINITE_RECURSION = YES;
				CLANG_WARN_INT_CONVERSION = YES;
				CLANG_WARN_NON_LITERAL_NULL_CONVERSION = YES;
				CLANG_WARN_OBJC_LITERAL_CONVERSION = YES;
				CLANG_WARN_OBJC_ROOT_CLASS = YES_ERROR;
				CLANG_WARN_RANGE_LOOP_ANALYSIS = YES;
				CLANG_WARN_STRICT_PROTOTYPES = YES;
				CLANG_WARN_SUSPICIOUS_MOVE = YES;
				CLANG_WARN_UNGUARDED_AVAILABILITY = YES_AGGRESSIVE;
				CLANG_WARN_UNREACHABLE_CODE = YES;
				CLANG_WARN__DUPLICATE_METHOD_MATCH = YES;
				CODE_SIGN_IDENTITY = "iPhone Developer";
				COPY_PHASE_STRIP = NO;
				DEBUG_INFORMATION_FORMAT = dwarf;
				ENABLE_STRICT_OBJC_MSGSEND = YES;
				ENABLE_TESTABILITY = YES;
				GCC_C_LANGUAGE_STANDARD = gnu11;
				GCC_DYNAMIC_NO_PIC = NO;
				GCC_NO_COMMON_BLOCKS = YES;
				GCC_OPTIMIZATION_LEVEL = 0;
				GCC_PREPROCESSOR_DEFINITIONS = (
					"DEBUG=1",
					"$(inherited)",
				);
				GCC_WARN_64_TO_32_BIT_CONVERSION = YES;
				GCC_WARN_ABOUT_RETURN_TYPE = YES_ERROR;
				GCC_WARN_UNDECLARED_SELECTOR = YES;
				GCC_WARN_UNINITIALIZED_AUTOS = YES_AGGRESSIVE;
				GCC_WARN_UNUSED_FUNCTION = YES;
				GCC_WARN_UNUSED_VARIABLE = YES;
				IPHONEOS_DEPLOYMENT_TARGET = 10.2;
				MTL_ENABLE_DEBUG_INFO = YES;
				ONLY_ACTIVE_ARCH = YES;
				SDKROOT = iphoneos;
				SWIFT_ACTIVE_COMPILATION_CONDITIONS = DEBUG;
				SWIFT_OPTIMIZATION_LEVEL = "-Onone";
			};
			name = Debug;
		};
		483E305A1FEAAB58006D4512 /* Release */ = {
			isa = XCBuildConfiguration;
			buildSettings = {
				ALWAYS_SEARCH_USER_PATHS = NO;
				CLANG_ANALYZER_NONNULL = YES;
				CLANG_ANALYZER_NUMBER_OBJECT_CONVERSION = YES_AGGRESSIVE;
				CLANG_CXX_LANGUAGE_STANDARD = "gnu++14";
				CLANG_CXX_LIBRARY = "libc++";
				CLANG_ENABLE_MODULES = YES;
				CLANG_ENABLE_OBJC_ARC = YES;
				CLANG_WARN_BLOCK_CAPTURE_AUTORELEASING = YES;
				CLANG_WARN_BOOL_CONVERSION = YES;
				CLANG_WARN_COMMA = YES;
				CLANG_WARN_CONSTANT_CONVERSION = YES;
				CLANG_WARN_DIRECT_OBJC_ISA_USAGE = YES_ERROR;
				CLANG_WARN_DOCUMENTATION_COMMENTS = YES;
				CLANG_WARN_EMPTY_BODY = YES;
				CLANG_WARN_ENUM_CONVERSION = YES;
				CLANG_WARN_INFINITE_RECURSION = YES;
				CLANG_WARN_INT_CONVERSION = YES;
				CLANG_WARN_NON_LITERAL_NULL_CONVERSION = YES;
				CLANG_WARN_OBJC_LITERAL_CONVERSION = YES;
				CLANG_WARN_OBJC_ROOT_CLASS = YES_ERROR;
				CLANG_WARN_RANGE_LOOP_ANALYSIS = YES;
				CLANG_WARN_STRICT_PROTOTYPES = YES;
				CLANG_WARN_SUSPICIOUS_MOVE = YES;
				CLANG_WARN_UNGUARDED_AVAILABILITY = YES_AGGRESSIVE;
				CLANG_WARN_UNREACHABLE_CODE = YES;
				CLANG_WARN__DUPLICATE_METHOD_MATCH = YES;
				CODE_SIGN_IDENTITY = "iPhone Developer";
				COPY_PHASE_STRIP = NO;
				DEBUG_INFORMATION_FORMAT = "dwarf-with-dsym";
				ENABLE_NS_ASSERTIONS = NO;
				ENABLE_STRICT_OBJC_MSGSEND = YES;
				GCC_C_LANGUAGE_STANDARD = gnu11;
				GCC_NO_COMMON_BLOCKS = YES;
				GCC_WARN_64_TO_32_BIT_CONVERSION = YES;
				GCC_WARN_ABOUT_RETURN_TYPE = YES_ERROR;
				GCC_WARN_UNDECLARED_SELECTOR = YES;
				GCC_WARN_UNINITIALIZED_AUTOS = YES_AGGRESSIVE;
				GCC_WARN_UNUSED_FUNCTION = YES;
				GCC_WARN_UNUSED_VARIABLE = YES;
				IPHONEOS_DEPLOYMENT_TARGET = 10.2;
				MTL_ENABLE_DEBUG_INFO = NO;
				SDKROOT = iphoneos;
				SWIFT_OPTIMIZATION_LEVEL = "-Owholemodule";
				VALIDATE_PRODUCT = YES;
			};
			name = Release;
		};
		483E305C1FEAAB58006D4512 /* Debug */ = {
			isa = XCBuildConfiguration;
			baseConfigurationReference = 329AEBE3B64A29654C79F38B /* Pods-WhereIsBalboa.debug.xcconfig */;
			buildSettings = {
				ASSETCATALOG_COMPILER_APPICON_NAME = AppIcon;
				CODE_SIGN_ENTITLEMENTS = WhereIsBalboa/WhereIsBalboa.entitlements;
				CODE_SIGN_STYLE = Automatic;
				DEVELOPMENT_TEAM = 239483289D;
				INFOPLIST_FILE = WhereIsBalboa/Info.plist;
				IPHONEOS_DEPLOYMENT_TARGET = 10.2;
				LD_RUNPATH_SEARCH_PATHS = "$(inherited) @executable_path/Frameworks";
				PRODUCT_BUNDLE_IDENTIFIER = Feef.Anthony.WhereIsBalboa;
				PRODUCT_NAME = "$(TARGET_NAME)";
				SWIFT_VERSION = 4.0;
				TARGETED_DEVICE_FAMILY = 1;
			};
			name = Debug;
		};
		483E305D1FEAAB58006D4512 /* Release */ = {
			isa = XCBuildConfiguration;
			baseConfigurationReference = 3764ED0D75B66BD7768C4E19 /* Pods-WhereIsBalboa.release.xcconfig */;
			buildSettings = {
				ASSETCATALOG_COMPILER_APPICON_NAME = AppIcon;
				CODE_SIGN_ENTITLEMENTS = WhereIsBalboa/WhereIsBalboa.entitlements;
				CODE_SIGN_STYLE = Automatic;
				DEVELOPMENT_TEAM = 239483289D;
				INFOPLIST_FILE = WhereIsBalboa/Info.plist;
				IPHONEOS_DEPLOYMENT_TARGET = 10.2;
				LD_RUNPATH_SEARCH_PATHS = "$(inherited) @executable_path/Frameworks";
				PRODUCT_BUNDLE_IDENTIFIER = Feef.Anthony.WhereIsBalboa;
				PRODUCT_NAME = "$(TARGET_NAME)";
				SWIFT_VERSION = 4.0;
				TARGETED_DEVICE_FAMILY = 1;
			};
			name = Release;
		};
/* End XCBuildConfiguration section */

/* Begin XCConfigurationList section */
		483E30441FEAAB58006D4512 /* Build configuration list for PBXProject "WhereIsBalboa" */ = {
			isa = XCConfigurationList;
			buildConfigurations = (
				483E30591FEAAB58006D4512 /* Debug */,
				483E305A1FEAAB58006D4512 /* Release */,
			);
			defaultConfigurationIsVisible = 0;
			defaultConfigurationName = Release;
		};
		483E305B1FEAAB58006D4512 /* Build configuration list for PBXNativeTarget "WhereIsBalboa" */ = {
			isa = XCConfigurationList;
			buildConfigurations = (
				483E305C1FEAAB58006D4512 /* Debug */,
				483E305D1FEAAB58006D4512 /* Release */,
			);
			defaultConfigurationIsVisible = 0;
			defaultConfigurationName = Release;
		};
/* End XCConfigurationList section */
	};
	rootObject = 483E30411FEAAB58006D4512 /* Project object */;
}
